// !$*UTF8*$!
{
	archiveVersion = 1;
	classes = {
	};
	objectVersion = 56;
	objects = {

/* Begin PBXBuildFile section */
		2605548B2A9224D40054F22E /* DashboardTest.swift in Sources */ = {isa = PBXBuildFile; fileRef = 2605548A2A9224D40054F22E /* DashboardTest.swift */; };
		260554942A92283E0054F22E /* DispatchQueue.swift in Sources */ = {isa = PBXBuildFile; fileRef = 260554932A92283E0054F22E /* DispatchQueue.swift */; };
		262A4DF72A8F988B007EEE78 /* DashboardViewModel.swift in Sources */ = {isa = PBXBuildFile; fileRef = 262A4DF62A8F988B007EEE78 /* DashboardViewModel.swift */; };
		262A4DF92A8FA39A007EEE78 /* VehicleMileageViewModel.swift in Sources */ = {isa = PBXBuildFile; fileRef = 262A4DF82A8FA39A007EEE78 /* VehicleMileageViewModel.swift */; };
		2633B2602A90A1B4008AE763 /* VehicleMileageResultViewModel.swift in Sources */ = {isa = PBXBuildFile; fileRef = 2633B25F2A90A1B4008AE763 /* VehicleMileageResultViewModel.swift */; };
		2633B2622A90AC6C008AE763 /* FuelEfficiencyViewModel.swift in Sources */ = {isa = PBXBuildFile; fileRef = 2633B2612A90AC6C008AE763 /* FuelEfficiencyViewModel.swift */; };
		2633B2642A90E899008AE763 /* FuelEfficiencyResultViewModel.swift in Sources */ = {isa = PBXBuildFile; fileRef = 2633B2632A90E899008AE763 /* FuelEfficiencyResultViewModel.swift */; };
		2633B2662A9107FC008AE763 /* RefuelViewModel.swift in Sources */ = {isa = PBXBuildFile; fileRef = 2633B2652A9107FC008AE763 /* RefuelViewModel.swift */; };
		2633B2682A91C9C3008AE763 /* NewTripViewModel.swift in Sources */ = {isa = PBXBuildFile; fileRef = 2633B2672A91C9C3008AE763 /* NewTripViewModel.swift */; };
		263C38B029D723D600A8676C /* MainScreenView.swift in Sources */ = {isa = PBXBuildFile; fileRef = 263C38AF29D723D600A8676C /* MainScreenView.swift */; };
		263D91B02A9300B60056DCEE /* VehicleMileageTest.swift in Sources */ = {isa = PBXBuildFile; fileRef = 263D91AF2A9300B60056DCEE /* VehicleMileageTest.swift */; };
		263D91B32A9301410056DCEE /* DatabaseSeed.swift in Sources */ = {isa = PBXBuildFile; fileRef = 263D91B22A9301410056DCEE /* DatabaseSeed.swift */; };
		263D91B52A9304430056DCEE /* VehicleMileageResultTest.swift in Sources */ = {isa = PBXBuildFile; fileRef = 263D91B42A9304430056DCEE /* VehicleMileageResultTest.swift */; };
		263D91B72A930E2E0056DCEE /* FuelEfficiencyTest.swift in Sources */ = {isa = PBXBuildFile; fileRef = 263D91B62A930E2E0056DCEE /* FuelEfficiencyTest.swift */; };
		263D91B92A9312BF0056DCEE /* RefuelTest.swift in Sources */ = {isa = PBXBuildFile; fileRef = 263D91B82A9312BF0056DCEE /* RefuelTest.swift */; };
		263D91BB2A93183A0056DCEE /* NewTripTest.swift in Sources */ = {isa = PBXBuildFile; fileRef = 263D91BA2A93183A0056DCEE /* NewTripTest.swift */; };
		266246D629D71F8A00F8B699 /* GaskanApp.swift in Sources */ = {isa = PBXBuildFile; fileRef = 266246D529D71F8A00F8B699 /* GaskanApp.swift */; };
		266246DA29D71F8B00F8B699 /* Assets.xcassets in Resources */ = {isa = PBXBuildFile; fileRef = 266246D929D71F8B00F8B699 /* Assets.xcassets */; };
		2673A3A029EED9D900E32001 /* LocationDataManager.swift in Sources */ = {isa = PBXBuildFile; fileRef = 2673A39F29EED9D900E32001 /* LocationDataManager.swift */; };
		2673A3A229EEDE5100E32001 /* AppDelegate.swift in Sources */ = {isa = PBXBuildFile; fileRef = 2673A3A129EEDE5100E32001 /* AppDelegate.swift */; };
		2673A3A529EEDE9F00E32001 /* AppConstants.swift in Sources */ = {isa = PBXBuildFile; fileRef = 2673A3A429EEDE9F00E32001 /* AppConstants.swift */; };
		2675E4A82A8B1C3A00BDA18D /* GaskanTests.swift in Sources */ = {isa = PBXBuildFile; fileRef = 2675E4A72A8B1C3A00BDA18D /* GaskanTests.swift */; };
		2675E4B02A8B1E8400BDA18D /* .swiftlint.yml in Resources */ = {isa = PBXBuildFile; fileRef = 2675E4AF2A8B1E8400BDA18D /* .swiftlint.yml */; };
		26D1B61729E64815007E6154 /* TextFieldUtil.swift in Sources */ = {isa = PBXBuildFile; fileRef = 26D1B61629E64815007E6154 /* TextFieldUtil.swift */; };
		26D1B63329E6489E007E6154 /* Font.swift in Sources */ = {isa = PBXBuildFile; fileRef = 26D1B63029E6489E007E6154 /* Font.swift */; };
		26D1B63429E6489E007E6154 /* Spacer.swift in Sources */ = {isa = PBXBuildFile; fileRef = 26D1B63129E6489E007E6154 /* Spacer.swift */; };
		26D1B63529E6489E007E6154 /* Color.swift in Sources */ = {isa = PBXBuildFile; fileRef = 26D1B63229E6489E007E6154 /* Color.swift */; };
		26D1B63729E64989007E6154 /* OnboardingView.swift in Sources */ = {isa = PBXBuildFile; fileRef = 26D1B63629E64989007E6154 /* OnboardingView.swift */; };
		26D1B63C29E64990007E6154 /* OnboardingSecondView.swift in Sources */ = {isa = PBXBuildFile; fileRef = 26D1B63929E64990007E6154 /* OnboardingSecondView.swift */; };
		26D1B63D29E64990007E6154 /* OnboardingThirdView.swift in Sources */ = {isa = PBXBuildFile; fileRef = 26D1B63A29E64990007E6154 /* OnboardingThirdView.swift */; };
		26D1B63E29E64990007E6154 /* OnboardingFirstView.swift in Sources */ = {isa = PBXBuildFile; fileRef = 26D1B63B29E64990007E6154 /* OnboardingFirstView.swift */; };
		26D1B64629E64A06007E6154 /* CircleChevronDisclosureStyle.swift in Sources */ = {isa = PBXBuildFile; fileRef = 26D1B64029E64A06007E6154 /* CircleChevronDisclosureStyle.swift */; };
		26D1B64729E64A06007E6154 /* DistanceSegmentedControlView.swift in Sources */ = {isa = PBXBuildFile; fileRef = 26D1B64229E64A06007E6154 /* DistanceSegmentedControlView.swift */; };
		26D1B64829E64A06007E6154 /* FuelEfficiencySegementedControlView.swift in Sources */ = {isa = PBXBuildFile; fileRef = 26D1B64329E64A06007E6154 /* FuelEfficiencySegementedControlView.swift */; };
		26D1B64929E64A06007E6154 /* CircleIndicatorView.swift in Sources */ = {isa = PBXBuildFile; fileRef = 26D1B64429E64A06007E6154 /* CircleIndicatorView.swift */; };
		26D1B64A29E64A06007E6154 /* UnitDropdownView.swift in Sources */ = {isa = PBXBuildFile; fileRef = 26D1B64529E64A06007E6154 /* UnitDropdownView.swift */; };
		26D1B64D29E64A84007E6154 /* VehicleMileageResultScreenView.swift in Sources */ = {isa = PBXBuildFile; fileRef = 26D1B64B29E64A84007E6154 /* VehicleMileageResultScreenView.swift */; };
		26D1B64E29E64A84007E6154 /* VehicleMileageScreenView.swift in Sources */ = {isa = PBXBuildFile; fileRef = 26D1B64C29E64A84007E6154 /* VehicleMileageScreenView.swift */; };
		26D1B65129E64B08007E6154 /* UnitData.swift in Sources */ = {isa = PBXBuildFile; fileRef = 26D1B65029E64B08007E6154 /* UnitData.swift */; };
		26D1B65529E64B81007E6154 /* FuelEfficiencyRouting.swift in Sources */ = {isa = PBXBuildFile; fileRef = 26D1B65329E64B81007E6154 /* FuelEfficiencyRouting.swift */; };
		26D1B65629E64B81007E6154 /* VehicleMileageRouting.swift in Sources */ = {isa = PBXBuildFile; fileRef = 26D1B65429E64B81007E6154 /* VehicleMileageRouting.swift */; };
		26D1B65829E650AF007E6154 /* Preview Assets.xcassets in Resources */ = {isa = PBXBuildFile; fileRef = 266246DC29D71F8B00F8B699 /* Preview Assets.xcassets */; };
		26D1B65929E650B5007E6154 /* SF-Mono-Bold.otf in Resources */ = {isa = PBXBuildFile; fileRef = 26D1B62D29E6488E007E6154 /* SF-Mono-Bold.otf */; };
		26D1B65A29E650B5007E6154 /* SF-Mono-Light.otf in Resources */ = {isa = PBXBuildFile; fileRef = 26D1B62A29E6488D007E6154 /* SF-Mono-Light.otf */; };
		26D1B65B29E650B5007E6154 /* SF-Mono-Medium.otf in Resources */ = {isa = PBXBuildFile; fileRef = 26D1B62829E6488D007E6154 /* SF-Mono-Medium.otf */; };
		26D1B65C29E650B5007E6154 /* SF-Mono-Regular.otf in Resources */ = {isa = PBXBuildFile; fileRef = 26D1B62C29E6488E007E6154 /* SF-Mono-Regular.otf */; };
		26D1B65D29E650B5007E6154 /* SF-Mono-Semibold.otf in Resources */ = {isa = PBXBuildFile; fileRef = 26D1B62E29E6488E007E6154 /* SF-Mono-Semibold.otf */; };
		26D1B65E29E650B5007E6154 /* SF-Pro-Text-Regular.otf in Resources */ = {isa = PBXBuildFile; fileRef = 26D1B62929E6488D007E6154 /* SF-Pro-Text-Regular.otf */; };
		26D1B65F29E650B5007E6154 /* SF-Pro-Text-Semibold.otf in Resources */ = {isa = PBXBuildFile; fileRef = 26D1B62B29E6488E007E6154 /* SF-Pro-Text-Semibold.otf */; };
		26D1B66029E650B5007E6154 /* SF-Pro-Text-SemiboldItalic.otf in Resources */ = {isa = PBXBuildFile; fileRef = 26D1B62F29E6488E007E6154 /* SF-Pro-Text-SemiboldItalic.otf */; };
		26D1B66329E65A3D007E6154 /* FuelEfficiencyResultScreenView.swift in Sources */ = {isa = PBXBuildFile; fileRef = 26D1B66129E65A3D007E6154 /* FuelEfficiencyResultScreenView.swift */; };
		26D1B66429E65A3D007E6154 /* FuelEfficiencyScreenView.swift in Sources */ = {isa = PBXBuildFile; fileRef = 26D1B66229E65A3D007E6154 /* FuelEfficiencyScreenView.swift */; };
		6C38612D29E65FED00A471CD /* CardView.swift in Sources */ = {isa = PBXBuildFile; fileRef = 6C38612C29E65FED00A471CD /* CardView.swift */; };
		6C38613029E6604E00A471CD /* DashboardView.swift in Sources */ = {isa = PBXBuildFile; fileRef = 6C38612F29E6604E00A471CD /* DashboardView.swift */; };
		6C38613229E66EE000A471CD /* ChildCardView.swift in Sources */ = {isa = PBXBuildFile; fileRef = 6C38613129E66EE000A471CD /* ChildCardView.swift */; };
		6C38613429EA600600A471CD /* HistoryView.swift in Sources */ = {isa = PBXBuildFile; fileRef = 6C38613329EA600600A471CD /* HistoryView.swift */; };
		6C38613629EA68BB00A471CD /* CalculationType.swift in Sources */ = {isa = PBXBuildFile; fileRef = 6C38613529EA68BB00A471CD /* CalculationType.swift */; };
		6C38613829EA79ED00A471CD /* CustomScrollView.swift in Sources */ = {isa = PBXBuildFile; fileRef = 6C38613729EA79ED00A471CD /* CustomScrollView.swift */; };
		6C38614029EBBB5300A471CD /* RefuelScreenView.swift in Sources */ = {isa = PBXBuildFile; fileRef = 6C38613F29EBBB5300A471CD /* RefuelScreenView.swift */; };
		6C38614229EBBC1800A471CD /* RefuelRouting.swift in Sources */ = {isa = PBXBuildFile; fileRef = 6C38614129EBBC1800A471CD /* RefuelRouting.swift */; };
		6C38614529EBC0C100A471CD /* NewTripScreenView.swift in Sources */ = {isa = PBXBuildFile; fileRef = 6C38614429EBC0C100A471CD /* NewTripScreenView.swift */; };
		6C38616729EBE9DF00A471CD /* Gaskan.xcdatamodeld in Sources */ = {isa = PBXBuildFile; fileRef = 6C38616529EBE9DF00A471CD /* Gaskan.xcdatamodeld */; };
		6C38616929EBEADC00A471CD /* Persistence.swift in Sources */ = {isa = PBXBuildFile; fileRef = 6C38616829EBEADC00A471CD /* Persistence.swift */; };
		6C38617029EC299A00A471CD /* ContentView.swift in Sources */ = {isa = PBXBuildFile; fileRef = 6C38616F29EC299A00A471CD /* ContentView.swift */; };
/* End PBXBuildFile section */

/* Begin PBXContainerItemProxy section */
		2675E4A92A8B1C3A00BDA18D /* PBXContainerItemProxy */ = {
			isa = PBXContainerItemProxy;
			containerPortal = 266246CA29D71F8A00F8B699 /* Project object */;
			proxyType = 1;
			remoteGlobalIDString = 266246D129D71F8A00F8B699;
			remoteInfo = Gaskan;
		};
/* End PBXContainerItemProxy section */

/* Begin PBXFileReference section */
		2605548A2A9224D40054F22E /* DashboardTest.swift */ = {isa = PBXFileReference; lastKnownFileType = sourcecode.swift; path = DashboardTest.swift; sourceTree = "<group>"; };
		260554932A92283E0054F22E /* DispatchQueue.swift */ = {isa = PBXFileReference; lastKnownFileType = sourcecode.swift; path = DispatchQueue.swift; sourceTree = "<group>"; };
		262A4DF62A8F988B007EEE78 /* DashboardViewModel.swift */ = {isa = PBXFileReference; lastKnownFileType = sourcecode.swift; path = DashboardViewModel.swift; sourceTree = "<group>"; };
		262A4DF82A8FA39A007EEE78 /* VehicleMileageViewModel.swift */ = {isa = PBXFileReference; lastKnownFileType = sourcecode.swift; path = VehicleMileageViewModel.swift; sourceTree = "<group>"; };
		2633B25F2A90A1B4008AE763 /* VehicleMileageResultViewModel.swift */ = {isa = PBXFileReference; lastKnownFileType = sourcecode.swift; path = VehicleMileageResultViewModel.swift; sourceTree = "<group>"; };
		2633B2612A90AC6C008AE763 /* FuelEfficiencyViewModel.swift */ = {isa = PBXFileReference; lastKnownFileType = sourcecode.swift; path = FuelEfficiencyViewModel.swift; sourceTree = "<group>"; };
		2633B2632A90E899008AE763 /* FuelEfficiencyResultViewModel.swift */ = {isa = PBXFileReference; lastKnownFileType = sourcecode.swift; path = FuelEfficiencyResultViewModel.swift; sourceTree = "<group>"; };
		2633B2652A9107FC008AE763 /* RefuelViewModel.swift */ = {isa = PBXFileReference; lastKnownFileType = sourcecode.swift; path = RefuelViewModel.swift; sourceTree = "<group>"; };
		2633B2672A91C9C3008AE763 /* NewTripViewModel.swift */ = {isa = PBXFileReference; lastKnownFileType = sourcecode.swift; path = NewTripViewModel.swift; sourceTree = "<group>"; };
		263C38AE29D7231900A8676C /* Info.plist */ = {isa = PBXFileReference; lastKnownFileType = text.plist; path = Info.plist; sourceTree = "<group>"; };
		263C38AF29D723D600A8676C /* MainScreenView.swift */ = {isa = PBXFileReference; lastKnownFileType = sourcecode.swift; path = MainScreenView.swift; sourceTree = "<group>"; };
		263D91AF2A9300B60056DCEE /* VehicleMileageTest.swift */ = {isa = PBXFileReference; lastKnownFileType = sourcecode.swift; path = VehicleMileageTest.swift; sourceTree = "<group>"; };
		263D91B22A9301410056DCEE /* DatabaseSeed.swift */ = {isa = PBXFileReference; lastKnownFileType = sourcecode.swift; path = DatabaseSeed.swift; sourceTree = "<group>"; };
		263D91B42A9304430056DCEE /* VehicleMileageResultTest.swift */ = {isa = PBXFileReference; lastKnownFileType = sourcecode.swift; path = VehicleMileageResultTest.swift; sourceTree = "<group>"; };
		263D91B62A930E2E0056DCEE /* FuelEfficiencyTest.swift */ = {isa = PBXFileReference; lastKnownFileType = sourcecode.swift; path = FuelEfficiencyTest.swift; sourceTree = "<group>"; };
		263D91B82A9312BF0056DCEE /* RefuelTest.swift */ = {isa = PBXFileReference; lastKnownFileType = sourcecode.swift; path = RefuelTest.swift; sourceTree = "<group>"; };
		263D91BA2A93183A0056DCEE /* NewTripTest.swift */ = {isa = PBXFileReference; lastKnownFileType = sourcecode.swift; path = NewTripTest.swift; sourceTree = "<group>"; };
		266246D229D71F8A00F8B699 /* Gaskan.app */ = {isa = PBXFileReference; explicitFileType = wrapper.application; includeInIndex = 0; path = Gaskan.app; sourceTree = BUILT_PRODUCTS_DIR; };
		266246D529D71F8A00F8B699 /* GaskanApp.swift */ = {isa = PBXFileReference; lastKnownFileType = sourcecode.swift; path = GaskanApp.swift; sourceTree = "<group>"; };
		266246D929D71F8B00F8B699 /* Assets.xcassets */ = {isa = PBXFileReference; lastKnownFileType = folder.assetcatalog; path = Assets.xcassets; sourceTree = "<group>"; };
		266246DC29D71F8B00F8B699 /* Preview Assets.xcassets */ = {isa = PBXFileReference; lastKnownFileType = folder.assetcatalog; path = "Preview Assets.xcassets"; sourceTree = "<group>"; };
		2673A39F29EED9D900E32001 /* LocationDataManager.swift */ = {isa = PBXFileReference; lastKnownFileType = sourcecode.swift; path = LocationDataManager.swift; sourceTree = "<group>"; };
		2673A3A129EEDE5100E32001 /* AppDelegate.swift */ = {isa = PBXFileReference; lastKnownFileType = sourcecode.swift; path = AppDelegate.swift; sourceTree = "<group>"; };
		2673A3A429EEDE9F00E32001 /* AppConstants.swift */ = {isa = PBXFileReference; lastKnownFileType = sourcecode.swift; path = AppConstants.swift; sourceTree = "<group>"; };
		2675E4A52A8B1C3A00BDA18D /* GaskanTests.xctest */ = {isa = PBXFileReference; explicitFileType = wrapper.cfbundle; includeInIndex = 0; path = GaskanTests.xctest; sourceTree = BUILT_PRODUCTS_DIR; };
		2675E4A72A8B1C3A00BDA18D /* GaskanTests.swift */ = {isa = PBXFileReference; lastKnownFileType = sourcecode.swift; path = GaskanTests.swift; sourceTree = "<group>"; };
		2675E4AF2A8B1E8400BDA18D /* .swiftlint.yml */ = {isa = PBXFileReference; lastKnownFileType = text.yaml; path = .swiftlint.yml; sourceTree = "<group>"; };
		26D1B61629E64815007E6154 /* TextFieldUtil.swift */ = {isa = PBXFileReference; fileEncoding = 4; lastKnownFileType = sourcecode.swift; path = TextFieldUtil.swift; sourceTree = "<group>"; };
		26D1B62829E6488D007E6154 /* SF-Mono-Medium.otf */ = {isa = PBXFileReference; lastKnownFileType = file; path = "SF-Mono-Medium.otf"; sourceTree = "<group>"; };
		26D1B62929E6488D007E6154 /* SF-Pro-Text-Regular.otf */ = {isa = PBXFileReference; lastKnownFileType = file; path = "SF-Pro-Text-Regular.otf"; sourceTree = "<group>"; };
		26D1B62A29E6488D007E6154 /* SF-Mono-Light.otf */ = {isa = PBXFileReference; lastKnownFileType = file; path = "SF-Mono-Light.otf"; sourceTree = "<group>"; };
		26D1B62B29E6488E007E6154 /* SF-Pro-Text-Semibold.otf */ = {isa = PBXFileReference; lastKnownFileType = file; path = "SF-Pro-Text-Semibold.otf"; sourceTree = "<group>"; };
		26D1B62C29E6488E007E6154 /* SF-Mono-Regular.otf */ = {isa = PBXFileReference; lastKnownFileType = file; path = "SF-Mono-Regular.otf"; sourceTree = "<group>"; };
		26D1B62D29E6488E007E6154 /* SF-Mono-Bold.otf */ = {isa = PBXFileReference; lastKnownFileType = file; path = "SF-Mono-Bold.otf"; sourceTree = "<group>"; };
		26D1B62E29E6488E007E6154 /* SF-Mono-Semibold.otf */ = {isa = PBXFileReference; lastKnownFileType = file; path = "SF-Mono-Semibold.otf"; sourceTree = "<group>"; };
		26D1B62F29E6488E007E6154 /* SF-Pro-Text-SemiboldItalic.otf */ = {isa = PBXFileReference; lastKnownFileType = file; path = "SF-Pro-Text-SemiboldItalic.otf"; sourceTree = "<group>"; };
		26D1B63029E6489E007E6154 /* Font.swift */ = {isa = PBXFileReference; fileEncoding = 4; lastKnownFileType = sourcecode.swift; path = Font.swift; sourceTree = "<group>"; };
		26D1B63129E6489E007E6154 /* Spacer.swift */ = {isa = PBXFileReference; fileEncoding = 4; lastKnownFileType = sourcecode.swift; path = Spacer.swift; sourceTree = "<group>"; };
		26D1B63229E6489E007E6154 /* Color.swift */ = {isa = PBXFileReference; fileEncoding = 4; lastKnownFileType = sourcecode.swift; path = Color.swift; sourceTree = "<group>"; };
		26D1B63629E64989007E6154 /* OnboardingView.swift */ = {isa = PBXFileReference; fileEncoding = 4; lastKnownFileType = sourcecode.swift; path = OnboardingView.swift; sourceTree = "<group>"; };
		26D1B63929E64990007E6154 /* OnboardingSecondView.swift */ = {isa = PBXFileReference; fileEncoding = 4; lastKnownFileType = sourcecode.swift; path = OnboardingSecondView.swift; sourceTree = "<group>"; };
		26D1B63A29E64990007E6154 /* OnboardingThirdView.swift */ = {isa = PBXFileReference; fileEncoding = 4; lastKnownFileType = sourcecode.swift; path = OnboardingThirdView.swift; sourceTree = "<group>"; };
		26D1B63B29E64990007E6154 /* OnboardingFirstView.swift */ = {isa = PBXFileReference; fileEncoding = 4; lastKnownFileType = sourcecode.swift; path = OnboardingFirstView.swift; sourceTree = "<group>"; };
		26D1B64029E64A06007E6154 /* CircleChevronDisclosureStyle.swift */ = {isa = PBXFileReference; fileEncoding = 4; lastKnownFileType = sourcecode.swift; path = CircleChevronDisclosureStyle.swift; sourceTree = "<group>"; };
		26D1B64229E64A06007E6154 /* DistanceSegmentedControlView.swift */ = {isa = PBXFileReference; fileEncoding = 4; lastKnownFileType = sourcecode.swift; path = DistanceSegmentedControlView.swift; sourceTree = "<group>"; };
		26D1B64329E64A06007E6154 /* FuelEfficiencySegementedControlView.swift */ = {isa = PBXFileReference; fileEncoding = 4; lastKnownFileType = sourcecode.swift; path = FuelEfficiencySegementedControlView.swift; sourceTree = "<group>"; };
		26D1B64429E64A06007E6154 /* CircleIndicatorView.swift */ = {isa = PBXFileReference; fileEncoding = 4; lastKnownFileType = sourcecode.swift; path = CircleIndicatorView.swift; sourceTree = "<group>"; };
		26D1B64529E64A06007E6154 /* UnitDropdownView.swift */ = {isa = PBXFileReference; fileEncoding = 4; lastKnownFileType = sourcecode.swift; path = UnitDropdownView.swift; sourceTree = "<group>"; };
		26D1B64B29E64A84007E6154 /* VehicleMileageResultScreenView.swift */ = {isa = PBXFileReference; fileEncoding = 4; lastKnownFileType = sourcecode.swift; path = VehicleMileageResultScreenView.swift; sourceTree = "<group>"; };
		26D1B64C29E64A84007E6154 /* VehicleMileageScreenView.swift */ = {isa = PBXFileReference; fileEncoding = 4; lastKnownFileType = sourcecode.swift; path = VehicleMileageScreenView.swift; sourceTree = "<group>"; };
		26D1B65029E64B08007E6154 /* UnitData.swift */ = {isa = PBXFileReference; fileEncoding = 4; lastKnownFileType = sourcecode.swift; path = UnitData.swift; sourceTree = "<group>"; };
		26D1B65329E64B81007E6154 /* FuelEfficiencyRouting.swift */ = {isa = PBXFileReference; fileEncoding = 4; lastKnownFileType = sourcecode.swift; path = FuelEfficiencyRouting.swift; sourceTree = "<group>"; };
		26D1B65429E64B81007E6154 /* VehicleMileageRouting.swift */ = {isa = PBXFileReference; fileEncoding = 4; lastKnownFileType = sourcecode.swift; path = VehicleMileageRouting.swift; sourceTree = "<group>"; };
		26D1B66129E65A3D007E6154 /* FuelEfficiencyResultScreenView.swift */ = {isa = PBXFileReference; fileEncoding = 4; lastKnownFileType = sourcecode.swift; path = FuelEfficiencyResultScreenView.swift; sourceTree = "<group>"; };
		26D1B66229E65A3D007E6154 /* FuelEfficiencyScreenView.swift */ = {isa = PBXFileReference; fileEncoding = 4; lastKnownFileType = sourcecode.swift; path = FuelEfficiencyScreenView.swift; sourceTree = "<group>"; };
		6C38612C29E65FED00A471CD /* CardView.swift */ = {isa = PBXFileReference; fileEncoding = 4; lastKnownFileType = sourcecode.swift; path = CardView.swift; sourceTree = "<group>"; };
		6C38612F29E6604E00A471CD /* DashboardView.swift */ = {isa = PBXFileReference; lastKnownFileType = sourcecode.swift; path = DashboardView.swift; sourceTree = "<group>"; };
		6C38613129E66EE000A471CD /* ChildCardView.swift */ = {isa = PBXFileReference; lastKnownFileType = sourcecode.swift; path = ChildCardView.swift; sourceTree = "<group>"; };
		6C38613329EA600600A471CD /* HistoryView.swift */ = {isa = PBXFileReference; lastKnownFileType = sourcecode.swift; path = HistoryView.swift; sourceTree = "<group>"; };
		6C38613529EA68BB00A471CD /* CalculationType.swift */ = {isa = PBXFileReference; lastKnownFileType = sourcecode.swift; path = CalculationType.swift; sourceTree = "<group>"; };
		6C38613729EA79ED00A471CD /* CustomScrollView.swift */ = {isa = PBXFileReference; lastKnownFileType = sourcecode.swift; path = CustomScrollView.swift; sourceTree = "<group>"; };
		6C38613F29EBBB5300A471CD /* RefuelScreenView.swift */ = {isa = PBXFileReference; lastKnownFileType = sourcecode.swift; path = RefuelScreenView.swift; sourceTree = "<group>"; };
		6C38614129EBBC1800A471CD /* RefuelRouting.swift */ = {isa = PBXFileReference; lastKnownFileType = sourcecode.swift; path = RefuelRouting.swift; sourceTree = "<group>"; };
		6C38614429EBC0C100A471CD /* NewTripScreenView.swift */ = {isa = PBXFileReference; lastKnownFileType = sourcecode.swift; path = NewTripScreenView.swift; sourceTree = "<group>"; };
		6C38616629EBE9DF00A471CD /* CoreDataTest.xcdatamodel */ = {isa = PBXFileReference; lastKnownFileType = wrapper.xcdatamodel; path = CoreDataTest.xcdatamodel; sourceTree = "<group>"; };
		6C38616829EBEADC00A471CD /* Persistence.swift */ = {isa = PBXFileReference; fileEncoding = 4; lastKnownFileType = sourcecode.swift; path = Persistence.swift; sourceTree = "<group>"; };
		6C38616D29EC0E0700A471CD /* CoreData.framework */ = {isa = PBXFileReference; lastKnownFileType = wrapper.framework; name = CoreData.framework; path = System/Library/Frameworks/CoreData.framework; sourceTree = SDKROOT; };
		6C38616F29EC299A00A471CD /* ContentView.swift */ = {isa = PBXFileReference; fileEncoding = 4; lastKnownFileType = sourcecode.swift; path = ContentView.swift; sourceTree = "<group>"; };
/* End PBXFileReference section */

/* Begin PBXFrameworksBuildPhase section */
		266246CF29D71F8A00F8B699 /* Frameworks */ = {
			isa = PBXFrameworksBuildPhase;
			buildActionMask = 2147483647;
			files = (
			);
			runOnlyForDeploymentPostprocessing = 0;
		};
		2675E4A22A8B1C3A00BDA18D /* Frameworks */ = {
			isa = PBXFrameworksBuildPhase;
			buildActionMask = 2147483647;
			files = (
			);
			runOnlyForDeploymentPostprocessing = 0;
		};
/* End PBXFrameworksBuildPhase section */

/* Begin PBXGroup section */
		262A4DF52A8F97A2007EEE78 /* ViewModels */ = {
			isa = PBXGroup;
			children = (
				262A4DF62A8F988B007EEE78 /* DashboardViewModel.swift */,
				262A4DF82A8FA39A007EEE78 /* VehicleMileageViewModel.swift */,
				2633B25F2A90A1B4008AE763 /* VehicleMileageResultViewModel.swift */,
				2633B2612A90AC6C008AE763 /* FuelEfficiencyViewModel.swift */,
				2633B2632A90E899008AE763 /* FuelEfficiencyResultViewModel.swift */,
				2633B2652A9107FC008AE763 /* RefuelViewModel.swift */,
				2633B2672A91C9C3008AE763 /* NewTripViewModel.swift */,
			);
			path = ViewModels;
			sourceTree = "<group>";
		};
		263C389E29D7200600A8676C /* Screens */ = {
			isa = PBXGroup;
			children = (
				6C38614329EBC0B100A471CD /* NewTrip */,
				6C38613E29EBBB4000A471CD /* Refuel */,
				6C38612E29E6603800A471CD /* Dashboard */,
				26D1B63F29E64A06007E6154 /* CustomStyling */,
				26D1B64129E64A06007E6154 /* CustomViews */,
				263C38A329D7203200A8676C /* FuelEfficiency */,
				263C38A229D7202B00A8676C /* VehicleMileage */,
				263C38A129D7202500A8676C /* Onboarding */,
				263C38AF29D723D600A8676C /* MainScreenView.swift */,
			);
			path = Screens;
			sourceTree = "<group>";
		};
		263C389F29D7201000A8676C /* Fonts */ = {
			isa = PBXGroup;
			children = (
				26D1B62D29E6488E007E6154 /* SF-Mono-Bold.otf */,
				26D1B62A29E6488D007E6154 /* SF-Mono-Light.otf */,
				26D1B62829E6488D007E6154 /* SF-Mono-Medium.otf */,
				26D1B62C29E6488E007E6154 /* SF-Mono-Regular.otf */,
				26D1B62E29E6488E007E6154 /* SF-Mono-Semibold.otf */,
				26D1B62929E6488D007E6154 /* SF-Pro-Text-Regular.otf */,
				26D1B62B29E6488E007E6154 /* SF-Pro-Text-Semibold.otf */,
				26D1B62F29E6488E007E6154 /* SF-Pro-Text-SemiboldItalic.otf */,
			);
			path = Fonts;
			sourceTree = "<group>";
		};
		263C38A029D7201500A8676C /* Extensions */ = {
			isa = PBXGroup;
			children = (
				26D1B63229E6489E007E6154 /* Color.swift */,
				26D1B63029E6489E007E6154 /* Font.swift */,
				26D1B63129E6489E007E6154 /* Spacer.swift */,
				260554932A92283E0054F22E /* DispatchQueue.swift */,
			);
			path = Extensions;
			sourceTree = "<group>";
		};
		263C38A129D7202500A8676C /* Onboarding */ = {
			isa = PBXGroup;
			children = (
				26D1B63829E64990007E6154 /* OnboardingSubScreen */,
				26D1B63629E64989007E6154 /* OnboardingView.swift */,
			);
			path = Onboarding;
			sourceTree = "<group>";
		};
		263C38A229D7202B00A8676C /* VehicleMileage */ = {
			isa = PBXGroup;
			children = (
				26D1B64B29E64A84007E6154 /* VehicleMileageResultScreenView.swift */,
				26D1B64C29E64A84007E6154 /* VehicleMileageScreenView.swift */,
			);
			path = VehicleMileage;
			sourceTree = "<group>";
		};
		263C38A329D7203200A8676C /* FuelEfficiency */ = {
			isa = PBXGroup;
			children = (
				26D1B66129E65A3D007E6154 /* FuelEfficiencyResultScreenView.swift */,
				26D1B66229E65A3D007E6154 /* FuelEfficiencyScreenView.swift */,
			);
			path = FuelEfficiency;
			sourceTree = "<group>";
		};
		263D91B12A9301210056DCEE /* Seeders */ = {
			isa = PBXGroup;
			children = (
				263D91B22A9301410056DCEE /* DatabaseSeed.swift */,
			);
			path = Seeders;
			sourceTree = "<group>";
		};
		266246C929D71F8A00F8B699 = {
			isa = PBXGroup;
			children = (
				266246D429D71F8A00F8B699 /* Gaskan */,
				2675E4A62A8B1C3A00BDA18D /* GaskanTests */,
				266246D329D71F8A00F8B699 /* Products */,
				6C38616C29EC0E0700A471CD /* Frameworks */,
			);
			sourceTree = "<group>";
		};
		266246D329D71F8A00F8B699 /* Products */ = {
			isa = PBXGroup;
			children = (
				266246D229D71F8A00F8B699 /* Gaskan.app */,
				2675E4A52A8B1C3A00BDA18D /* GaskanTests.xctest */,
			);
			name = Products;
			sourceTree = "<group>";
		};
		266246D429D71F8A00F8B699 /* Gaskan */ = {
			isa = PBXGroup;
			children = (
				262A4DF52A8F97A2007EEE78 /* ViewModels */,
				26D1B65229E64B78007E6154 /* Routing */,
				26D1B64F29E64AF8007E6154 /* Data */,
				266246D929D71F8B00F8B699 /* Assets.xcassets */,
				263C38A029D7201500A8676C /* Extensions */,
				263C389F29D7201000A8676C /* Fonts */,
				266246D529D71F8A00F8B699 /* GaskanApp.swift */,
				6C38616F29EC299A00A471CD /* ContentView.swift */,
				6C38616529EBE9DF00A471CD /* Gaskan.xcdatamodeld */,
				263C38AE29D7231900A8676C /* Info.plist */,
				266246DB29D71F8B00F8B699 /* Preview Content */,
				263C389E29D7200600A8676C /* Screens */,
				26D1B61529E647FF007E6154 /* Utils */,
				2673A3A129EEDE5100E32001 /* AppDelegate.swift */,
				2675E4AF2A8B1E8400BDA18D /* .swiftlint.yml */,
			);
			path = Gaskan;
			sourceTree = "<group>";
		};
		266246DB29D71F8B00F8B699 /* Preview Content */ = {
			isa = PBXGroup;
			children = (
				266246DC29D71F8B00F8B699 /* Preview Assets.xcassets */,
			);
			path = "Preview Content";
			sourceTree = "<group>";
		};
		2673A3A329EEDE9300E32001 /* Constants */ = {
			isa = PBXGroup;
			children = (
				2673A3A429EEDE9F00E32001 /* AppConstants.swift */,
			);
			path = Constants;
			sourceTree = "<group>";
		};
		2675E4A62A8B1C3A00BDA18D /* GaskanTests */ = {
			isa = PBXGroup;
			children = (
				263D91B12A9301210056DCEE /* Seeders */,
				2675E4A72A8B1C3A00BDA18D /* GaskanTests.swift */,
				2605548A2A9224D40054F22E /* DashboardTest.swift */,
				263D91AF2A9300B60056DCEE /* VehicleMileageTest.swift */,
				263D91B42A9304430056DCEE /* VehicleMileageResultTest.swift */,
				263D91B62A930E2E0056DCEE /* FuelEfficiencyTest.swift */,
				263D91B82A9312BF0056DCEE /* RefuelTest.swift */,
				263D91BA2A93183A0056DCEE /* NewTripTest.swift */,
			);
			path = GaskanTests;
			sourceTree = "<group>";
		};
		26D1B61529E647FF007E6154 /* Utils */ = {
			isa = PBXGroup;
			children = (
				26D1B61629E64815007E6154 /* TextFieldUtil.swift */,
				2673A39F29EED9D900E32001 /* LocationDataManager.swift */,
			);
			path = Utils;
			sourceTree = "<group>";
		};
		26D1B63829E64990007E6154 /* OnboardingSubScreen */ = {
			isa = PBXGroup;
			children = (
				26D1B63929E64990007E6154 /* OnboardingSecondView.swift */,
				26D1B63A29E64990007E6154 /* OnboardingThirdView.swift */,
				26D1B63B29E64990007E6154 /* OnboardingFirstView.swift */,
			);
			path = OnboardingSubScreen;
			sourceTree = "<group>";
		};
		26D1B63F29E64A06007E6154 /* CustomStyling */ = {
			isa = PBXGroup;
			children = (
				26D1B64029E64A06007E6154 /* CircleChevronDisclosureStyle.swift */,
			);
			path = CustomStyling;
			sourceTree = "<group>";
		};
		26D1B64129E64A06007E6154 /* CustomViews */ = {
			isa = PBXGroup;
			children = (
				6C38613729EA79ED00A471CD /* CustomScrollView.swift */,
				6C38612C29E65FED00A471CD /* CardView.swift */,
				6C38613129E66EE000A471CD /* ChildCardView.swift */,
				26D1B64229E64A06007E6154 /* DistanceSegmentedControlView.swift */,
				26D1B64329E64A06007E6154 /* FuelEfficiencySegementedControlView.swift */,
				26D1B64429E64A06007E6154 /* CircleIndicatorView.swift */,
				26D1B64529E64A06007E6154 /* UnitDropdownView.swift */,
				6C38613329EA600600A471CD /* HistoryView.swift */,
			);
			path = CustomViews;
			sourceTree = "<group>";
		};
		26D1B64F29E64AF8007E6154 /* Data */ = {
			isa = PBXGroup;
			children = (
				2673A3A329EEDE9300E32001 /* Constants */,
				6C38616829EBEADC00A471CD /* Persistence.swift */,
				26D1B65029E64B08007E6154 /* UnitData.swift */,
				6C38613529EA68BB00A471CD /* CalculationType.swift */,
			);
			path = Data;
			sourceTree = "<group>";
		};
		26D1B65229E64B78007E6154 /* Routing */ = {
			isa = PBXGroup;
			children = (
				26D1B65329E64B81007E6154 /* FuelEfficiencyRouting.swift */,
				26D1B65429E64B81007E6154 /* VehicleMileageRouting.swift */,
				6C38614129EBBC1800A471CD /* RefuelRouting.swift */,
			);
			path = Routing;
			sourceTree = "<group>";
		};
		6C38612E29E6603800A471CD /* Dashboard */ = {
			isa = PBXGroup;
			children = (
				6C38612F29E6604E00A471CD /* DashboardView.swift */,
			);
			path = Dashboard;
			sourceTree = "<group>";
		};
		6C38613E29EBBB4000A471CD /* Refuel */ = {
			isa = PBXGroup;
			children = (
				6C38613F29EBBB5300A471CD /* RefuelScreenView.swift */,
			);
			path = Refuel;
			sourceTree = "<group>";
		};
		6C38614329EBC0B100A471CD /* NewTrip */ = {
			isa = PBXGroup;
			children = (
				6C38614429EBC0C100A471CD /* NewTripScreenView.swift */,
			);
			path = NewTrip;
			sourceTree = "<group>";
		};
		6C38616C29EC0E0700A471CD /* Frameworks */ = {
			isa = PBXGroup;
			children = (
				6C38616D29EC0E0700A471CD /* CoreData.framework */,
			);
			name = Frameworks;
			sourceTree = "<group>";
		};
/* End PBXGroup section */

/* Begin PBXNativeTarget section */
		266246D129D71F8A00F8B699 /* Gaskan */ = {
			isa = PBXNativeTarget;
			buildConfigurationList = 266246E029D71F8B00F8B699 /* Build configuration list for PBXNativeTarget "Gaskan" */;
			buildPhases = (
				2675E4AE2A8B1D5D00BDA18D /* ShellScript */,
				266246CE29D71F8A00F8B699 /* Sources */,
				266246CF29D71F8A00F8B699 /* Frameworks */,
				266246D029D71F8A00F8B699 /* Resources */,
			);
			buildRules = (
			);
			dependencies = (
			);
			name = Gaskan;
			productName = Gaskan;
			productReference = 266246D229D71F8A00F8B699 /* Gaskan.app */;
			productType = "com.apple.product-type.application";
		};
		2675E4A42A8B1C3A00BDA18D /* GaskanTests */ = {
			isa = PBXNativeTarget;
			buildConfigurationList = 2675E4AB2A8B1C3A00BDA18D /* Build configuration list for PBXNativeTarget "GaskanTests" */;
			buildPhases = (
				2675E4A12A8B1C3A00BDA18D /* Sources */,
				2675E4A22A8B1C3A00BDA18D /* Frameworks */,
				2675E4A32A8B1C3A00BDA18D /* Resources */,
			);
			buildRules = (
			);
			dependencies = (
				2675E4AA2A8B1C3A00BDA18D /* PBXTargetDependency */,
			);
			name = GaskanTests;
			productName = GaskanTests;
			productReference = 2675E4A52A8B1C3A00BDA18D /* GaskanTests.xctest */;
			productType = "com.apple.product-type.bundle.unit-test";
		};
/* End PBXNativeTarget section */

/* Begin PBXProject section */
		266246CA29D71F8A00F8B699 /* Project object */ = {
			isa = PBXProject;
			attributes = {
				BuildIndependentTargetsInParallel = 1;
				LastSwiftUpdateCheck = 1430;
				LastUpgradeCheck = 1420;
				TargetAttributes = {
					266246D129D71F8A00F8B699 = {
						CreatedOnToolsVersion = 14.2;
					};
					2675E4A42A8B1C3A00BDA18D = {
						CreatedOnToolsVersion = 14.3.1;
						TestTargetID = 266246D129D71F8A00F8B699;
					};
				};
			};
			buildConfigurationList = 266246CD29D71F8A00F8B699 /* Build configuration list for PBXProject "Gaskan" */;
			compatibilityVersion = "Xcode 14.0";
			developmentRegion = en;
			hasScannedForEncodings = 0;
			knownRegions = (
				en,
				Base,
			);
			mainGroup = 266246C929D71F8A00F8B699;
			productRefGroup = 266246D329D71F8A00F8B699 /* Products */;
			projectDirPath = "";
			projectRoot = "";
			targets = (
				266246D129D71F8A00F8B699 /* Gaskan */,
				2675E4A42A8B1C3A00BDA18D /* GaskanTests */,
			);
		};
/* End PBXProject section */

/* Begin PBXResourcesBuildPhase section */
		266246D029D71F8A00F8B699 /* Resources */ = {
			isa = PBXResourcesBuildPhase;
			buildActionMask = 2147483647;
			files = (
				26D1B65929E650B5007E6154 /* SF-Mono-Bold.otf in Resources */,
				26D1B65A29E650B5007E6154 /* SF-Mono-Light.otf in Resources */,
				26D1B65B29E650B5007E6154 /* SF-Mono-Medium.otf in Resources */,
				26D1B65C29E650B5007E6154 /* SF-Mono-Regular.otf in Resources */,
				26D1B65D29E650B5007E6154 /* SF-Mono-Semibold.otf in Resources */,
				26D1B65E29E650B5007E6154 /* SF-Pro-Text-Regular.otf in Resources */,
				26D1B65F29E650B5007E6154 /* SF-Pro-Text-Semibold.otf in Resources */,
				26D1B66029E650B5007E6154 /* SF-Pro-Text-SemiboldItalic.otf in Resources */,
				266246DA29D71F8B00F8B699 /* Assets.xcassets in Resources */,
				26D1B65829E650AF007E6154 /* Preview Assets.xcassets in Resources */,
				2675E4B02A8B1E8400BDA18D /* .swiftlint.yml in Resources */,
			);
			runOnlyForDeploymentPostprocessing = 0;
		};
		2675E4A32A8B1C3A00BDA18D /* Resources */ = {
			isa = PBXResourcesBuildPhase;
			buildActionMask = 2147483647;
			files = (
			);
			runOnlyForDeploymentPostprocessing = 0;
		};
/* End PBXResourcesBuildPhase section */

/* Begin PBXShellScriptBuildPhase section */
		2675E4AE2A8B1D5D00BDA18D /* ShellScript */ = {
			isa = PBXShellScriptBuildPhase;
			buildActionMask = 2147483647;
			files = (
			);
			inputFileListPaths = (
			);
			inputPaths = (
			);
			outputFileListPaths = (
			);
			outputPaths = (
			);
			runOnlyForDeploymentPostprocessing = 0;
			shellPath = /bin/sh;
			shellScript = "if [[ \"$(uname -m)\" == arm64 ]]; then\n    export PATH=\"/opt/homebrew/bin:$PATH\"\nfi\n\nif which swiftlint > /dev/null; then\n  swiftlint\nelse\n  echo \"warning: SwiftLint not installed, download from https://github.com/realm/SwiftLint\"\nfi\n";
		};
/* End PBXShellScriptBuildPhase section */

/* Begin PBXSourcesBuildPhase section */
		266246CE29D71F8A00F8B699 /* Sources */ = {
			isa = PBXSourcesBuildPhase;
			buildActionMask = 2147483647;
			files = (
				2633B2622A90AC6C008AE763 /* FuelEfficiencyViewModel.swift in Sources */,
				6C38616929EBEADC00A471CD /* Persistence.swift in Sources */,
				26D1B63E29E64990007E6154 /* OnboardingFirstView.swift in Sources */,
				6C38613029E6604E00A471CD /* DashboardView.swift in Sources */,
				6C38613629EA68BB00A471CD /* CalculationType.swift in Sources */,
				263C38B029D723D600A8676C /* MainScreenView.swift in Sources */,
				2633B2602A90A1B4008AE763 /* VehicleMileageResultViewModel.swift in Sources */,
				6C38613229E66EE000A471CD /* ChildCardView.swift in Sources */,
				260554942A92283E0054F22E /* DispatchQueue.swift in Sources */,
				6C38614029EBBB5300A471CD /* RefuelScreenView.swift in Sources */,
				26D1B63329E6489E007E6154 /* Font.swift in Sources */,
				26D1B64E29E64A84007E6154 /* VehicleMileageScreenView.swift in Sources */,
				26D1B63429E6489E007E6154 /* Spacer.swift in Sources */,
				26D1B64729E64A06007E6154 /* DistanceSegmentedControlView.swift in Sources */,
				26D1B66329E65A3D007E6154 /* FuelEfficiencyResultScreenView.swift in Sources */,
				2673A3A229EEDE5100E32001 /* AppDelegate.swift in Sources */,
				26D1B66429E65A3D007E6154 /* FuelEfficiencyScreenView.swift in Sources */,
				2673A3A529EEDE9F00E32001 /* AppConstants.swift in Sources */,
				26D1B64629E64A06007E6154 /* CircleChevronDisclosureStyle.swift in Sources */,
				2633B2642A90E899008AE763 /* FuelEfficiencyResultViewModel.swift in Sources */,
				2673A3A029EED9D900E32001 /* LocationDataManager.swift in Sources */,
				266246D629D71F8A00F8B699 /* GaskanApp.swift in Sources */,
				2633B2662A9107FC008AE763 /* RefuelViewModel.swift in Sources */,
				262A4DF92A8FA39A007EEE78 /* VehicleMileageViewModel.swift in Sources */,
				26D1B61729E64815007E6154 /* TextFieldUtil.swift in Sources */,
				6C38614529EBC0C100A471CD /* NewTripScreenView.swift in Sources */,
				26D1B63D29E64990007E6154 /* OnboardingThirdView.swift in Sources */,
				26D1B65629E64B81007E6154 /* VehicleMileageRouting.swift in Sources */,
				6C38613429EA600600A471CD /* HistoryView.swift in Sources */,
				262A4DF72A8F988B007EEE78 /* DashboardViewModel.swift in Sources */,
				26D1B63529E6489E007E6154 /* Color.swift in Sources */,
				6C38616729EBE9DF00A471CD /* Gaskan.xcdatamodeld in Sources */,
				26D1B65129E64B08007E6154 /* UnitData.swift in Sources */,
				6C38613829EA79ED00A471CD /* CustomScrollView.swift in Sources */,
				6C38617029EC299A00A471CD /* ContentView.swift in Sources */,
				26D1B64829E64A06007E6154 /* FuelEfficiencySegementedControlView.swift in Sources */,
				26D1B63729E64989007E6154 /* OnboardingView.swift in Sources */,
				26D1B64929E64A06007E6154 /* CircleIndicatorView.swift in Sources */,
				6C38612D29E65FED00A471CD /* CardView.swift in Sources */,
				6C38614229EBBC1800A471CD /* RefuelRouting.swift in Sources */,
				26D1B65529E64B81007E6154 /* FuelEfficiencyRouting.swift in Sources */,
				26D1B64D29E64A84007E6154 /* VehicleMileageResultScreenView.swift in Sources */,
				26D1B63C29E64990007E6154 /* OnboardingSecondView.swift in Sources */,
				2633B2682A91C9C3008AE763 /* NewTripViewModel.swift in Sources */,
				26D1B64A29E64A06007E6154 /* UnitDropdownView.swift in Sources */,
			);
			runOnlyForDeploymentPostprocessing = 0;
		};
		2675E4A12A8B1C3A00BDA18D /* Sources */ = {
			isa = PBXSourcesBuildPhase;
			buildActionMask = 2147483647;
			files = (
				263D91B72A930E2E0056DCEE /* FuelEfficiencyTest.swift in Sources */,
				2605548B2A9224D40054F22E /* DashboardTest.swift in Sources */,
				263D91B02A9300B60056DCEE /* VehicleMileageTest.swift in Sources */,
				263D91B92A9312BF0056DCEE /* RefuelTest.swift in Sources */,
				2675E4A82A8B1C3A00BDA18D /* GaskanTests.swift in Sources */,
				263D91BB2A93183A0056DCEE /* NewTripTest.swift in Sources */,
				263D91B32A9301410056DCEE /* DatabaseSeed.swift in Sources */,
				263D91B52A9304430056DCEE /* VehicleMileageResultTest.swift in Sources */,
			);
			runOnlyForDeploymentPostprocessing = 0;
		};
/* End PBXSourcesBuildPhase section */

/* Begin PBXTargetDependency section */
		2675E4AA2A8B1C3A00BDA18D /* PBXTargetDependency */ = {
			isa = PBXTargetDependency;
			target = 266246D129D71F8A00F8B699 /* Gaskan */;
			targetProxy = 2675E4A92A8B1C3A00BDA18D /* PBXContainerItemProxy */;
		};
/* End PBXTargetDependency section */

/* Begin XCBuildConfiguration section */
		266246DE29D71F8B00F8B699 /* Debug */ = {
			isa = XCBuildConfiguration;
			buildSettings = {
				ALWAYS_SEARCH_USER_PATHS = NO;
				CLANG_ANALYZER_NONNULL = YES;
				CLANG_ANALYZER_NUMBER_OBJECT_CONVERSION = YES_AGGRESSIVE;
				CLANG_CXX_LANGUAGE_STANDARD = "gnu++20";
				CLANG_ENABLE_MODULES = YES;
				CLANG_ENABLE_OBJC_ARC = YES;
				CLANG_ENABLE_OBJC_WEAK = YES;
				CLANG_WARN_BLOCK_CAPTURE_AUTORELEASING = YES;
				CLANG_WARN_BOOL_CONVERSION = YES;
				CLANG_WARN_COMMA = YES;
				CLANG_WARN_CONSTANT_CONVERSION = YES;
				CLANG_WARN_DEPRECATED_OBJC_IMPLEMENTATIONS = YES;
				CLANG_WARN_DIRECT_OBJC_ISA_USAGE = YES_ERROR;
				CLANG_WARN_DOCUMENTATION_COMMENTS = YES;
				CLANG_WARN_EMPTY_BODY = YES;
				CLANG_WARN_ENUM_CONVERSION = YES;
				CLANG_WARN_INFINITE_RECURSION = YES;
				CLANG_WARN_INT_CONVERSION = YES;
				CLANG_WARN_NON_LITERAL_NULL_CONVERSION = YES;
				CLANG_WARN_OBJC_IMPLICIT_RETAIN_SELF = YES;
				CLANG_WARN_OBJC_LITERAL_CONVERSION = YES;
				CLANG_WARN_OBJC_ROOT_CLASS = YES_ERROR;
				CLANG_WARN_QUOTED_INCLUDE_IN_FRAMEWORK_HEADER = YES;
				CLANG_WARN_RANGE_LOOP_ANALYSIS = YES;
				CLANG_WARN_STRICT_PROTOTYPES = YES;
				CLANG_WARN_SUSPICIOUS_MOVE = YES;
				CLANG_WARN_UNGUARDED_AVAILABILITY = YES_AGGRESSIVE;
				CLANG_WARN_UNREACHABLE_CODE = YES;
				CLANG_WARN__DUPLICATE_METHOD_MATCH = YES;
				COPY_PHASE_STRIP = NO;
				DEBUG_INFORMATION_FORMAT = dwarf;
				ENABLE_STRICT_OBJC_MSGSEND = YES;
				ENABLE_TESTABILITY = YES;
				GCC_C_LANGUAGE_STANDARD = gnu11;
				GCC_DYNAMIC_NO_PIC = NO;
				GCC_NO_COMMON_BLOCKS = YES;
				GCC_OPTIMIZATION_LEVEL = 0;
				GCC_PREPROCESSOR_DEFINITIONS = (
					"DEBUG=1",
					"$(inherited)",
				);
				GCC_WARN_64_TO_32_BIT_CONVERSION = YES;
				GCC_WARN_ABOUT_RETURN_TYPE = YES_ERROR;
				GCC_WARN_UNDECLARED_SELECTOR = YES;
				GCC_WARN_UNINITIALIZED_AUTOS = YES_AGGRESSIVE;
				GCC_WARN_UNUSED_FUNCTION = YES;
				GCC_WARN_UNUSED_VARIABLE = YES;
				IPHONEOS_DEPLOYMENT_TARGET = 16.2;
				MTL_ENABLE_DEBUG_INFO = INCLUDE_SOURCE;
				MTL_FAST_MATH = YES;
				ONLY_ACTIVE_ARCH = YES;
				SDKROOT = iphoneos;
				SWIFT_ACTIVE_COMPILATION_CONDITIONS = DEBUG;
				SWIFT_OPTIMIZATION_LEVEL = "-Onone";
			};
			name = Debug;
		};
		266246DF29D71F8B00F8B699 /* Release */ = {
			isa = XCBuildConfiguration;
			buildSettings = {
				ALWAYS_SEARCH_USER_PATHS = NO;
				CLANG_ANALYZER_NONNULL = YES;
				CLANG_ANALYZER_NUMBER_OBJECT_CONVERSION = YES_AGGRESSIVE;
				CLANG_CXX_LANGUAGE_STANDARD = "gnu++20";
				CLANG_ENABLE_MODULES = YES;
				CLANG_ENABLE_OBJC_ARC = YES;
				CLANG_ENABLE_OBJC_WEAK = YES;
				CLANG_WARN_BLOCK_CAPTURE_AUTORELEASING = YES;
				CLANG_WARN_BOOL_CONVERSION = YES;
				CLANG_WARN_COMMA = YES;
				CLANG_WARN_CONSTANT_CONVERSION = YES;
				CLANG_WARN_DEPRECATED_OBJC_IMPLEMENTATIONS = YES;
				CLANG_WARN_DIRECT_OBJC_ISA_USAGE = YES_ERROR;
				CLANG_WARN_DOCUMENTATION_COMMENTS = YES;
				CLANG_WARN_EMPTY_BODY = YES;
				CLANG_WARN_ENUM_CONVERSION = YES;
				CLANG_WARN_INFINITE_RECURSION = YES;
				CLANG_WARN_INT_CONVERSION = YES;
				CLANG_WARN_NON_LITERAL_NULL_CONVERSION = YES;
				CLANG_WARN_OBJC_IMPLICIT_RETAIN_SELF = YES;
				CLANG_WARN_OBJC_LITERAL_CONVERSION = YES;
				CLANG_WARN_OBJC_ROOT_CLASS = YES_ERROR;
				CLANG_WARN_QUOTED_INCLUDE_IN_FRAMEWORK_HEADER = YES;
				CLANG_WARN_RANGE_LOOP_ANALYSIS = YES;
				CLANG_WARN_STRICT_PROTOTYPES = YES;
				CLANG_WARN_SUSPICIOUS_MOVE = YES;
				CLANG_WARN_UNGUARDED_AVAILABILITY = YES_AGGRESSIVE;
				CLANG_WARN_UNREACHABLE_CODE = YES;
				CLANG_WARN__DUPLICATE_METHOD_MATCH = YES;
				COPY_PHASE_STRIP = NO;
				DEBUG_INFORMATION_FORMAT = "dwarf-with-dsym";
				ENABLE_NS_ASSERTIONS = NO;
				ENABLE_STRICT_OBJC_MSGSEND = YES;
				GCC_C_LANGUAGE_STANDARD = gnu11;
				GCC_NO_COMMON_BLOCKS = YES;
				GCC_WARN_64_TO_32_BIT_CONVERSION = YES;
				GCC_WARN_ABOUT_RETURN_TYPE = YES_ERROR;
				GCC_WARN_UNDECLARED_SELECTOR = YES;
				GCC_WARN_UNINITIALIZED_AUTOS = YES_AGGRESSIVE;
				GCC_WARN_UNUSED_FUNCTION = YES;
				GCC_WARN_UNUSED_VARIABLE = YES;
				IPHONEOS_DEPLOYMENT_TARGET = 16.2;
				MTL_ENABLE_DEBUG_INFO = NO;
				MTL_FAST_MATH = YES;
				SDKROOT = iphoneos;
				SWIFT_COMPILATION_MODE = wholemodule;
				SWIFT_OPTIMIZATION_LEVEL = "-O";
				VALIDATE_PRODUCT = YES;
			};
			name = Release;
		};
		266246E129D71F8B00F8B699 /* Debug */ = {
			isa = XCBuildConfiguration;
			buildSettings = {
				ASSETCATALOG_COMPILER_APPICON_NAME = AppIcon;
				ASSETCATALOG_COMPILER_GLOBAL_ACCENT_COLOR_NAME = AccentColor;
				CODE_SIGN_STYLE = Automatic;
				CURRENT_PROJECT_VERSION = 1;
				DEVELOPMENT_ASSET_PATHS = "\"Gaskan/Preview Content\"";
				DEVELOPMENT_TEAM = 2W2FLHT9EF;
				ENABLE_PREVIEWS = YES;
				GENERATE_INFOPLIST_FILE = YES;
				INFOPLIST_FILE = Gaskan/Info.plist;
				INFOPLIST_KEY_NSLocationAlwaysAndWhenInUseUsageDescription = "App needs location data in order to automatically track your mileage.";
				INFOPLIST_KEY_NSLocationAlwaysUsageDescription = "App needs location data in order to automatically track your mileage.";
				INFOPLIST_KEY_NSLocationWhenInUseUsageDescription = "App needs location data in order to automatically track your mileage.";
				INFOPLIST_KEY_UIApplicationSceneManifest_Generation = YES;
				INFOPLIST_KEY_UIApplicationSupportsIndirectInputEvents = YES;
				INFOPLIST_KEY_UILaunchScreen_Generation = YES;
				INFOPLIST_KEY_UIRequiredDeviceCapabilities = "gps location-services magnetometer";
				INFOPLIST_KEY_UISupportedInterfaceOrientations_iPad = "UIInterfaceOrientationPortrait UIInterfaceOrientationPortraitUpsideDown UIInterfaceOrientationLandscapeLeft UIInterfaceOrientationLandscapeRight";
				INFOPLIST_KEY_UISupportedInterfaceOrientations_iPhone = "UIInterfaceOrientationPortrait UIInterfaceOrientationLandscapeLeft UIInterfaceOrientationLandscapeRight";
				LD_RUNPATH_SEARCH_PATHS = (
					"$(inherited)",
					"@executable_path/Frameworks",
				);
				MARKETING_VERSION = 1.0;
				PRODUCT_BUNDLE_IDENTIFIER = com.dzul.Gaskan;
				PRODUCT_NAME = "$(TARGET_NAME)";
				SWIFT_EMIT_LOC_STRINGS = YES;
				SWIFT_VERSION = 5.0;
				TARGETED_DEVICE_FAMILY = "1,2";
			};
			name = Debug;
		};
		266246E229D71F8B00F8B699 /* Release */ = {
			isa = XCBuildConfiguration;
			buildSettings = {
				ASSETCATALOG_COMPILER_APPICON_NAME = AppIcon;
				ASSETCATALOG_COMPILER_GLOBAL_ACCENT_COLOR_NAME = AccentColor;
				CODE_SIGN_STYLE = Automatic;
				CURRENT_PROJECT_VERSION = 1;
				DEVELOPMENT_ASSET_PATHS = "\"Gaskan/Preview Content\"";
				DEVELOPMENT_TEAM = 2W2FLHT9EF;
				ENABLE_PREVIEWS = YES;
				GENERATE_INFOPLIST_FILE = YES;
				INFOPLIST_FILE = Gaskan/Info.plist;
				INFOPLIST_KEY_NSLocationAlwaysAndWhenInUseUsageDescription = "App needs location data in order to automatically track your mileage.";
				INFOPLIST_KEY_NSLocationAlwaysUsageDescription = "App needs location data in order to automatically track your mileage.";
				INFOPLIST_KEY_NSLocationWhenInUseUsageDescription = "App needs location data in order to automatically track your mileage.";
				INFOPLIST_KEY_UIApplicationSceneManifest_Generation = YES;
				INFOPLIST_KEY_UIApplicationSupportsIndirectInputEvents = YES;
				INFOPLIST_KEY_UILaunchScreen_Generation = YES;
				INFOPLIST_KEY_UIRequiredDeviceCapabilities = "gps location-services magnetometer";
				INFOPLIST_KEY_UISupportedInterfaceOrientations_iPad = "UIInterfaceOrientationPortrait UIInterfaceOrientationPortraitUpsideDown UIInterfaceOrientationLandscapeLeft UIInterfaceOrientationLandscapeRight";
				INFOPLIST_KEY_UISupportedInterfaceOrientations_iPhone = "UIInterfaceOrientationPortrait UIInterfaceOrientationLandscapeLeft UIInterfaceOrientationLandscapeRight";
				LD_RUNPATH_SEARCH_PATHS = (
					"$(inherited)",
					"@executable_path/Frameworks",
				);
				MARKETING_VERSION = 1.0;
				PRODUCT_BUNDLE_IDENTIFIER = com.dzul.Gaskan;
				PRODUCT_NAME = "$(TARGET_NAME)";
				SWIFT_EMIT_LOC_STRINGS = YES;
				SWIFT_VERSION = 5.0;
				TARGETED_DEVICE_FAMILY = "1,2";
			};
			name = Release;
		};
		2675E4AC2A8B1C3A00BDA18D /* Debug */ = {
			isa = XCBuildConfiguration;
			buildSettings = {
				BUNDLE_LOADER = "$(TEST_HOST)";
				CODE_SIGN_STYLE = Automatic;
				CURRENT_PROJECT_VERSION = 1;
				DEVELOPMENT_TEAM = 2W2FLHT9EF;
				GENERATE_INFOPLIST_FILE = YES;
				IPHONEOS_DEPLOYMENT_TARGET = 16.4;
				MARKETING_VERSION = 1.0;
				PRODUCT_BUNDLE_IDENTIFIER = com.dzul.GaskanTests;
				PRODUCT_NAME = "$(TARGET_NAME)";
				SWIFT_EMIT_LOC_STRINGS = NO;
				SWIFT_VERSION = 5.0;
				TARGETED_DEVICE_FAMILY = "1,2";
				TEST_HOST = "$(BUILT_PRODUCTS_DIR)/Gaskan.app/$(BUNDLE_EXECUTABLE_FOLDER_PATH)/Gaskan";
			};
			name = Debug;
		};
		2675E4AD2A8B1C3A00BDA18D /* Release */ = {
			isa = XCBuildConfiguration;
			buildSettings = {
				BUNDLE_LOADER = "$(TEST_HOST)";
				CODE_SIGN_STYLE = Automatic;
				CURRENT_PROJECT_VERSION = 1;
				DEVELOPMENT_TEAM = 2W2FLHT9EF;
				GENERATE_INFOPLIST_FILE = YES;
				IPHONEOS_DEPLOYMENT_TARGET = 16.4;
				MARKETING_VERSION = 1.0;
				PRODUCT_BUNDLE_IDENTIFIER = com.dzul.GaskanTests;
				PRODUCT_NAME = "$(TARGET_NAME)";
				SWIFT_EMIT_LOC_STRINGS = NO;
				SWIFT_VERSION = 5.0;
				TARGETED_DEVICE_FAMILY = "1,2";
				TEST_HOST = "$(BUILT_PRODUCTS_DIR)/Gaskan.app/$(BUNDLE_EXECUTABLE_FOLDER_PATH)/Gaskan";
			};
			name = Release;
		};
/* End XCBuildConfiguration section */

/* Begin XCConfigurationList section */
		266246CD29D71F8A00F8B699 /* Build configuration list for PBXProject "Gaskan" */ = {
			isa = XCConfigurationList;
			buildConfigurations = (
				266246DE29D71F8B00F8B699 /* Debug */,
				266246DF29D71F8B00F8B699 /* Release */,
			);
			defaultConfigurationIsVisible = 0;
			defaultConfigurationName = Release;
		};
		266246E029D71F8B00F8B699 /* Build configuration list for PBXNativeTarget "Gaskan" */ = {
			isa = XCConfigurationList;
			buildConfigurations = (
				266246E129D71F8B00F8B699 /* Debug */,
				266246E229D71F8B00F8B699 /* Release */,
			);
			defaultConfigurationIsVisible = 0;
			defaultConfigurationName = Release;
		};
		2675E4AB2A8B1C3A00BDA18D /* Build configuration list for PBXNativeTarget "GaskanTests" */ = {
			isa = XCConfigurationList;
			buildConfigurations = (
				2675E4AC2A8B1C3A00BDA18D /* Debug */,
				2675E4AD2A8B1C3A00BDA18D /* Release */,
			);
			defaultConfigurationIsVisible = 0;
			defaultConfigurationName = Release;
		};
/* End XCConfigurationList section */

/* Begin XCVersionGroup section */
		6C38616529EBE9DF00A471CD /* Gaskan.xcdatamodeld */ = {
			isa = XCVersionGroup;
			children = (
				6C38616629EBE9DF00A471CD /* CoreDataTest.xcdatamodel */,
			);
			currentVersion = 6C38616629EBE9DF00A471CD /* CoreDataTest.xcdatamodel */;
			path = Gaskan.xcdatamodeld;
			sourceTree = "<group>";
			versionGroupType = wrapper.xcdatamodel;
		};
/* End XCVersionGroup section */
	};
	rootObject = 266246CA29D71F8A00F8B699 /* Project object */;
}
